# This file is automatically @generated by Cargo.
# It is not intended for manual editing.
version = 4

[[package]]
name = "regex-lite"
version = "0.1.6"
source = "registry+https://github.com/rust-lang/crates.io-index"
checksum = "53a49587ad06b26609c52e423de037e7f57f20d53535d66e08c695f347df952a"

[[package]]
name = "ucd-parse"
version = "0.1.13"
source = "registry+https://github.com/rust-lang/crates.io-index"
checksum = "c06ff81122fcbf4df4c1660b15f7e3336058e7aec14437c9f85c6b31a0f279b9"
dependencies = [
 "regex-lite",
]

[[package]]
name = "unicode_tablegen"
version = "0.1.0"
dependencies = [
 "ucd-parse",
]
